# THIS IS AN AUTOGENERATED FILE. DO NOT EDIT THIS FILE DIRECTLY.
# yarn lockfile v1


"@types/figlet@^1.2.0":
  version "1.2.0"
  resolved "https://registry.yarnpkg.com/@types/figlet/-/figlet-1.2.0.tgz#2dab76da069dc8ce5dcab461f7f2788317fb01a8"
  integrity sha512-TDZkNpYfkc3X8yv7w1QBziZmmxzNfGKX+YjeNkMpmSiNV0QOdNf9G5cEZB3FH1/oaqpSQEdxuDzURdju2L3lng==

"@types/git-rev-sync@^1.12.0":
  version "1.12.0"
  resolved "https://registry.yarnpkg.com/@types/git-rev-sync/-/git-rev-sync-1.12.0.tgz#b2281e3a370a0da2a13dfd19524d063e7022d2c5"
  integrity sha512-JiYuezujtbA9dcyQKp8BdzEB3V4/9B9/CSyZrxP+S07xXXCBPEFScyXQPhz3Li+Ai9SV1DJE1hxRNU9nAxxtjQ==

"@types/js-levenshtein@^1.1.0":
  version "1.1.0"
  resolved "https://registry.yarnpkg.com/@types/js-levenshtein/-/js-levenshtein-1.1.0.tgz#9541eec4ad6e3ec5633270a3a2b55d981edc44a9"
  integrity sha512-14t0v1ICYRtRVcHASzes0v/O+TIeASb8aD55cWF1PidtInhFWSXcmhzhHqGjUWf9SUq1w70cvd1cWKUULubAfQ==

"@types/matter-js@^0.10.2":
  version "0.10.2"
  resolved "https://registry.yarnpkg.com/@types/matter-js/-/matter-js-0.10.2.tgz#49c20c23316637538c860f6d2e3d4d89b20a6551"
  integrity sha512-7zg46Fx+nPIZ+WlK0Xud8L2IKk9BsilA7hgw+60o75/hM0fnx5MgufCpNPQB+69N+0WFirX5fhoHdmYdzkwdGw==

"@types/node-fetch@^2.5.0":
  version "2.5.0"
  resolved "https://registry.yarnpkg.com/@types/node-fetch/-/node-fetch-2.5.0.tgz#1c55616a4591bdd15a389fbd0da4a55b9502add5"
  integrity sha512-TLFRywthBgL68auWj+ziWu+vnmmcHCDFC/sqCOQf1xTz4hRq8cu79z8CtHU9lncExGBsB8fXA4TiLDLt6xvMzw==
  dependencies:
    "@types/node" "*"

"@types/node@*", "@types/node@^12.6.8":
  version "12.6.8"
  resolved "https://registry.yarnpkg.com/@types/node/-/node-12.6.8.tgz#e469b4bf9d1c9832aee4907ba8a051494357c12c"
  integrity sha512-aX+gFgA5GHcDi89KG5keey2zf0WfZk/HAQotEamsK2kbey+8yGKcson0hbK8E+v0NArlCJQCqMP161YhV6ZXLg==

"@types/papaparse@^5.0.1":
  version "5.0.1"
  resolved "https://registry.yarnpkg.com/@types/papaparse/-/papaparse-5.0.1.tgz#bf8ee3a144c77ffda7cf1e8f65be7e0de7472d35"
  integrity sha512-neEiIoeNezVK5yAWuO0El6056BBt+SPy0BtDmggcy1fSdfxLltE4WXaSsnPI2V4SxoRGIEAtkZyeDRxHXhcAKQ==
  dependencies:
    "@types/node" "*"

"@types/ws@^6.0.2":
  version "6.0.2"
  resolved "https://registry.yarnpkg.com/@types/ws/-/ws-6.0.2.tgz#f3340f7e3d7a07104a5dbcaa8ada4e8d2d45eecb"
  integrity sha512-22XiR1ox9LftTaAtn/c5JCninwc7moaqbkJfaDUb7PkaUitcf5vbTZHdq9dxSMviCm9C3W85rzB8e6yNR70apQ==
  dependencies:
    "@types/node" "*"

arg@^4.1.0:
  version "4.1.1"
  resolved "https://registry.yarnpkg.com/arg/-/arg-4.1.1.tgz#485f8e7c390ce4c5f78257dbea80d4be11feda4c"
  integrity sha512-SlmP3fEA88MBv0PypnXZ8ZfJhwmDeIE3SP71j37AiXQBXYosPV0x6uISAaHYSlSVhmHOVkomen0tbGk6Anlebw==

async-limiter@^1.0.0:
  version "1.0.1"
  resolved "https://registry.yarnpkg.com/async-limiter/-/async-limiter-1.0.1.tgz#dd379e94f0db8310b08291f9d64c3209766617fd"
  integrity sha512-csOlWGAcRFJaI6m+F2WKdnMKr4HhdhFVBk0H/QbJFMCr+uO2kwohwXQPxw/9OCxp05r5ghVBFSyioixx3gfkNQ==

balanced-match@^1.0.0:
  version "1.0.0"
  resolved "https://registry.yarnpkg.com/balanced-match/-/balanced-match-1.0.0.tgz#89b4d199ab2bee49de164ea02b89ce462d71b767"
  integrity sha1-ibTRmasr7kneFk6gK4nORi1xt2c=

brace-expansion@^1.1.7:
  version "1.1.11"
  resolved "https://registry.yarnpkg.com/brace-expansion/-/brace-expansion-1.1.11.tgz#3c7fcbf529d87226f3d2f52b966ff5271eb441dd"
  integrity sha512-iCuPHDFgrHX7H2vEI/5xpz07zSHB00TpugqhmYtVmMO6518mCuRMoOYFldEBl0g187ufozdaHgWKcYFb61qGiA==
  dependencies:
    balanced-match "^1.0.0"
    concat-map "0.0.1"

buffer-from@^1.0.0:
  version "1.1.1"
  resolved "https://registry.yarnpkg.com/buffer-from/-/buffer-from-1.1.1.tgz#32713bc028f75c02fdb710d7c7bcec1f2c6070ef"
  integrity sha512-MQcXEUbCKtEo7bhqEs6560Hyd4XaovZlO/k9V3hjVUF/zwW7KBVdSK4gIt/bzwS9MbR5qob+F5jusZsb0YQK2A==

concat-map@0.0.1:
  version "0.0.1"
  resolved "https://registry.yarnpkg.com/concat-map/-/concat-map-0.0.1.tgz#d8a96bd77fd68df7793a73036a3ba0d5405d477b"
  integrity sha1-2Klr13/Wjfd5OnMDajug1UBdR3s=

diff@^4.0.1:
  version "4.0.1"
  resolved "https://registry.yarnpkg.com/diff/-/diff-4.0.1.tgz#0c667cb467ebbb5cea7f14f135cc2dba7780a8ff"
  integrity sha512-s2+XdvhPCOF01LRQBC8hf4vhbVmI2CGS5aZnxLJlT5FtdhPCDFq80q++zK2KlrVorVDdL5BOGZ/VfLrVtYNF+Q==

escape-string-regexp@1.0.5:
  version "1.0.5"
  resolved "https://registry.yarnpkg.com/escape-string-regexp/-/escape-string-regexp-1.0.5.tgz#1b61c0562190a8dff6ae3bb2cf0200ca130b86d4"
  integrity sha1-G2HAViGQqN/2rjuyzwIAyhMLhtQ=

figlet@^1.2.3:
  version "1.2.3"
  resolved "https://registry.yarnpkg.com/figlet/-/figlet-1.2.3.tgz#7d25df546f41fc411c2a8b88012d48d55de72129"
  integrity sha512-+F5zdvZ66j77b8x2KCPvWUHC0UCKUMWrewxmewgPlagp3wmDpcrHMbyv/ygq/6xoxBPGQA+UJU3SMoBzKoROQQ==

fs.realpath@^1.0.0:
  version "1.0.0"
  resolved "https://registry.yarnpkg.com/fs.realpath/-/fs.realpath-1.0.0.tgz#1504ad2523158caa40db4a2787cb01411994ea4f"
  integrity sha1-FQStJSMVjKpA20onh8sBQRmU6k8=

git-rev-sync@^1.12.0:
  version "1.12.0"
  resolved "https://registry.yarnpkg.com/git-rev-sync/-/git-rev-sync-1.12.0.tgz#4468406c7e6c3ba4cf4587999e1adb28d9d1af55"
  integrity sha1-RGhAbH5sO6TPRYeZnhrbKNnRr1U=
  dependencies:
    escape-string-regexp "1.0.5"
    graceful-fs "4.1.11"
    shelljs "0.7.7"

glob@^7.0.0:
  version "7.1.4"
  resolved "https://registry.yarnpkg.com/glob/-/glob-7.1.4.tgz#aa608a2f6c577ad357e1ae5a5c26d9a8d1969255"
  integrity sha512-hkLPepehmnKk41pUGm3sYxoFs/umurYfYJCerbXEyFIWcAzvpipAgVkBqqT9RBKMGjnq6kMuyYwha6csxbiM1A==
  dependencies:
    fs.realpath "^1.0.0"
    inflight "^1.0.4"
    inherits "2"
    minimatch "^3.0.4"
    once "^1.3.0"
    path-is-absolute "^1.0.0"

graceful-fs@4.1.11:
  version "4.1.11"
  resolved "https://registry.yarnpkg.com/graceful-fs/-/graceful-fs-4.1.11.tgz#0e8bdfe4d1ddb8854d64e04ea7c00e2a026e5658"
  integrity sha1-Dovf5NHduIVNZOBOp8AOKgJuVlg=

inflight@^1.0.4:
  version "1.0.6"
  resolved "https://registry.yarnpkg.com/inflight/-/inflight-1.0.6.tgz#49bd6331d7d02d0c09bc910a1075ba8165b56df9"
  integrity sha1-Sb1jMdfQLQwJvJEKEHW6gWW1bfk=
  dependencies:
    once "^1.3.0"
    wrappy "1"

inherits@2:
  version "2.0.4"
  resolved "https://registry.yarnpkg.com/inherits/-/inherits-2.0.4.tgz#0fa2c64f932917c3433a0ded55363aae37416b7c"
  integrity sha512-k/vGaX4/Yla3WzyMCvTQOXYeIHvqOKtnqBduzTHpzpQZzAskKMhZ2K+EnBiSM9zGSoIFeMpXKxa4dYeZIQqewQ==

interpret@^1.0.0:
  version "1.2.0"
  resolved "https://registry.yarnpkg.com/interpret/-/interpret-1.2.0.tgz#d5061a6224be58e8083985f5014d844359576296"
  integrity sha512-mT34yGKMNceBQUoVn7iCDKDntA7SC6gycMAWzGx1z/CMCTV7b2AAtXlo3nRyHZ1FelRkQbQjprHSYGwzLtkVbw==

js-levenshtein@^1.1.6:
  version "1.1.6"
  resolved "https://registry.yarnpkg.com/js-levenshtein/-/js-levenshtein-1.1.6.tgz#c6cee58eb3550372df8deb85fad5ce66ce01d59d"
  integrity sha512-X2BB11YZtrRqY4EnQcLX5Rh373zbK4alC1FW7D7MBhL2gtcC17cTnr6DmfHZeS0s2rTHjUTMMHfG7gO8SSdw+g==

json2typescript@^1.2.3:
  version "1.2.3"
  resolved "https://registry.yarnpkg.com/json2typescript/-/json2typescript-1.2.3.tgz#f6760f41fc6f606af5ea309368755518b32d353f"
  integrity sha512-XJzQXMXJgRgCSmz2nYzeUBCIq/+feVtOnLzwAOMplXgGFqsXVnOwL5IEjYKkbx2sjyRuMRIfY76elUVv7P6NsQ==

make-error@^1.1.1:
  version "1.3.5"
  resolved "https://registry.yarnpkg.com/make-error/-/make-error-1.3.5.tgz#efe4e81f6db28cadd605c70f29c831b58ef776c8"
  integrity sha512-c3sIjNUow0+8swNwVpqoH4YCShKNFkMaw6oH1mNS2haDZQqkeZFlHS3dhoeEbKKmJB4vXpJucU6oH75aDYeE9g==

matter-js@^0.14.2:
  version "0.14.2"
  resolved "https://registry.yarnpkg.com/matter-js/-/matter-js-0.14.2.tgz#8169af9e06fdc356ba9e72b49624eb329839883b"
  integrity sha512-3ttVT8cJlQnGRjBa8MyVrGyvGmnmOkZ3YsyemIw+KwEEdVi70mo32FH1Eta2b3GfdDJFbMDRqyMQt4heNKBUEA==

minimatch@^3.0.4:
  version "3.0.4"
  resolved "https://registry.yarnpkg.com/minimatch/-/minimatch-3.0.4.tgz#5166e286457f03306064be5497e8dbb0c3d32083"
  integrity sha512-yJHVQEhyqPLUTgt9B83PXu6W3rx4MvvHvSUvToogpwoGDOUQ+yDrR0HRot+yOCdCO7u4hX3pWft6kWBBcqh0UA==
  dependencies:
    brace-expansion "^1.1.7"

nanotimer@roblav96/nanotimer#patch-1:
  version "0.3.15"
  resolved "https://codeload.github.com/roblav96/nanotimer/tar.gz/657821bb1fbfb5d25f0f309583506369109244b0"

node-fetch@^2.6.0:
  version "2.6.0"
  resolved "https://registry.yarnpkg.com/node-fetch/-/node-fetch-2.6.0.tgz#e633456386d4aa55863f676a7ab0daa8fdecb0fd"
  integrity sha512-8dG4H5ujfvFiqDmVu9fQ5bOHUC15JMjMY/Zumv26oOvvVJjM67KF8koCWIabKQ1GJIa9r2mMZscBq/TbdOcmNA==

once@^1.3.0:
  version "1.4.0"
  resolved "https://registry.yarnpkg.com/once/-/once-1.4.0.tgz#583b1aa775961d4b113ac17d9c50baef9dd76bd1"
  integrity sha1-WDsap3WWHUsROsF9nFC6753Xa9E=
  dependencies:
    wrappy "1"

papaparse@^5.0.1:
  version "5.0.1"
  resolved "https://registry.yarnpkg.com/papaparse/-/papaparse-5.0.1.tgz#5243710e5468e659e23c77db0e0b010912960c15"
  integrity sha512-LoM77aP/xSfZP645H3x1X0Qrf7klhGqHUfJH2KHIPvmB4uzezB/1bfvJKI0vp6zD5AfQF46J3URB7uz4Iqe0lg==

path-is-absolute@^1.0.0:
  version "1.0.1"
  resolved "https://registry.yarnpkg.com/path-is-absolute/-/path-is-absolute-1.0.1.tgz#174b9268735534ffbc7ace6bf53a5a9e1b5c5f5f"
  integrity sha1-F0uSaHNVNP+8es5r9TpanhtcX18=

path-parse@^1.0.6:
  version "1.0.7"
  resolved "https://registry.yarnpkg.com/path-parse/-/path-parse-1.0.7.tgz#fbc114b60ca42b30d9daf5858e4bd68bbedb6735"
  integrity sha512-LDJzPVEEEPR+y48z93A0Ed0yXb8pAByGWo/k5YYdYgpY2/2EsOsksJrq7lOHxryrVOn1ejG6oAp8ahvOIQD8sw==

poly-decomp@^0.3.0:
  version "0.3.0"
  resolved "https://registry.yarnpkg.com/poly-decomp/-/poly-decomp-0.3.0.tgz#aa499289bbc1a4ca2213e966587fa5bffc1ca5f5"
  integrity sha512-hWeBxGzPYiybmI4548Fca7Up/0k1qS5+79cVHI9+H33dKya5YNb9hxl0ZnDaDgvrZSuYFBhkCK/HOnqN7gefkQ==

rechoir@^0.6.2:
  version "0.6.2"
  resolved "https://registry.yarnpkg.com/rechoir/-/rechoir-0.6.2.tgz#85204b54dba82d5742e28c96756ef43af50e3384"
  integrity sha1-hSBLVNuoLVdC4oyWdW70OvUOM4Q=
  dependencies:
    resolve "^1.1.6"

reflect-metadata@^0.1.13:
  version "0.1.13"
  resolved "https://registry.yarnpkg.com/reflect-metadata/-/reflect-metadata-0.1.13.tgz#67ae3ca57c972a2aa1642b10fe363fe32d49dc08"
  integrity sha512-Ts1Y/anZELhSsjMcU605fU9RE4Oi3p5ORujwbIKXfWa+0Zxs510Qrmrce5/Jowq3cHSZSJqBjypxmHarc+vEWg==

resolve@^1.1.6:
  version "1.11.1"
  resolved "https://registry.yarnpkg.com/resolve/-/resolve-1.11.1.tgz#ea10d8110376982fef578df8fc30b9ac30a07a3e"
  integrity sha512-vIpgF6wfuJOZI7KKKSP+HmiKggadPQAdsp5HiC1mvqnfp0gF1vdwgBWZIdrVft9pgqoMFQN+R7BSWZiBxx+BBw==
  dependencies:
    path-parse "^1.0.6"

shelljs@0.7.7:
  version "0.7.7"
  resolved "https://registry.yarnpkg.com/shelljs/-/shelljs-0.7.7.tgz#b2f5c77ef97148f4b4f6e22682e10bba8667cff1"
  integrity sha1-svXHfvlxSPS09uImguELuoZnz/E=
  dependencies:
    glob "^7.0.0"
    interpret "^1.0.0"
    rechoir "^0.6.2"

source-map-support@^0.5.6:
  version "0.5.12"
  resolved "https://registry.yarnpkg.com/source-map-support/-/source-map-support-0.5.12.tgz#b4f3b10d51857a5af0138d3ce8003b201613d599"
  integrity sha512-4h2Pbvyy15EE02G+JOZpUCmqWJuqrs+sEkzewTm++BPi7Hvn/HwcqLAcNxYAyI0x13CpPPn+kMjl+hplXMHITQ==
  dependencies:
    buffer-from "^1.0.0"
    source-map "^0.6.0"

source-map@^0.6.0:
  version "0.6.1"
  resolved "https://registry.yarnpkg.com/source-map/-/source-map-0.6.1.tgz#74722af32e9614e9c287a8d0bbde48b5e2f1a263"
  integrity sha512-UjgapumWlbMhkBgzT7Ykc5YXUT46F0iKu8SGXq0bcwP5dz/h0Plj6enJqjz1Zbq2l5WaqYnrVbwWOWMyF3F47g==

ts-enum-util@^4.0.1:
  version "4.0.1"
  resolved "https://registry.yarnpkg.com/ts-enum-util/-/ts-enum-util-4.0.1.tgz#22762b841ccac8c07ca1c0ebd5e53b28418727ae"
  integrity sha512-ipCgRzaCp8jK8Ug/ePNvf2+YkW2qBNEKCeJu4sTsNL2/Vgzf6EqOIe8xNhUqK50e16ID9ShHYnAZo//jaKdZxA==

ts-node@^8.3.0:
  version "8.3.0"
  resolved "https://registry.yarnpkg.com/ts-node/-/ts-node-8.3.0.tgz#e4059618411371924a1fb5f3b125915f324efb57"
  integrity sha512-dyNS/RqyVTDcmNM4NIBAeDMpsAdaQ+ojdf0GOLqE6nwJOgzEkdRNzJywhDfwnuvB10oa6NLVG1rUJQCpRN7qoQ==
  dependencies:
    arg "^4.1.0"
    diff "^4.0.1"
    make-error "^1.1.1"
    source-map-support "^0.5.6"
    yn "^3.0.0"

typescript@^3.5.3:
  version "3.5.3"
  resolved "https://registry.yarnpkg.com/typescript/-/typescript-3.5.3.tgz#c830f657f93f1ea846819e929092f5fe5983e977"
  integrity sha512-ACzBtm/PhXBDId6a6sDJfroT2pOWt/oOnk4/dElG5G33ZL776N3Y6/6bKZJBFpd+b05F3Ct9qDjMeJmRWtE2/g==

wrappy@1:
  version "1.0.2"
  resolved "https://registry.yarnpkg.com/wrappy/-/wrappy-1.0.2.tgz#b5243d8f3ec1aa35f1364605bc0d1036e30ab69f"
  integrity sha1-tSQ9jz7BqjXxNkYFvA0QNuMKtp8=

ws@^7.1.2:
  version "7.1.2"
  resolved "https://registry.yarnpkg.com/ws/-/ws-7.1.2.tgz#c672d1629de8bb27a9699eb599be47aeeedd8f73"
  integrity sha512-gftXq3XI81cJCgkUiAVixA0raD9IVmXqsylCrjRygw4+UOOGzPoxnQ6r/CnVL9i+mDncJo94tSkyrtuuQVBmrg==
  dependencies:
    async-limiter "^1.0.0"

yn@^3.0.0:
  version "3.1.0"
  resolved "https://registry.yarnpkg.com/yn/-/yn-3.1.0.tgz#fcbe2db63610361afcc5eb9e0ac91e976d046114"
  integrity sha512-kKfnnYkbTfrAdd0xICNFw7Atm8nKpLcLv9AZGEt+kczL/WQVai4e2V6ZN8U/O+iI6WrNuJjNNOyu4zfhl9D3Hg==
